
Microsoft Visual Studio Solution File, Format Version 12.00
# Visual Studio Version 16
VisualStudioVersion = 16.0.30717.126
MinimumVisualStudioVersion = 10.0.40219.1
Project("{FAE04EC0-301F-11D3-BF4B-00C04F79EFBC}") = "TestNlogEventLog", "TestNlogEventLog\TestNlogEventLog.csproj", "{CE23B052-68DD-4543-986D-4A19F638643D}"
EndProject
Global
	GlobalSection(SolutionConfigurationPlatforms) = preSolution
		Debug|Any CPU = Debug|Any CPU
		Release|Any CPU = Release|Any CPU
	EndGlobalSection
	GlobalSection(ProjectConfigurationPlatforms) = postSolution
		{CE23B052-68DD-4543-986D-4A19F638643D}.Debug|Any CPU.ActiveCfg = Debug|Any CPU
		{CE23B052-68DD-4543-986D-4A19F638643D}.Debug|Any CPU.Build.0 = Debug|Any CPU
		{CE23B052-68DD-4543-986D-4A19F638643D}.Release|Any CPU.ActiveCfg = Release|Any CPU
		{CE23B052-68DD-4543-986D-4A19F638643D}.Release|Any CPU.Build.0 = Release|Any CPU
	EndGlobalSection
	GlobalSection(SolutionProperties) = preSolution
		HideSolutionNode = FALSE
	EndGlobalSection
	GlobalSection(ExtensibilityGlobals) = postSolution
		SolutionGuid = {ACA6482C-2ECA-413E-93B8-AA6E4B7197E3}
	EndGlobalSection
EndGlobal
